// !$*UTF8*$!
{
	archiveVersion = 1;
	classes = {
	};
	objectVersion = 51;
	objects = {

/* Begin PBXBuildFile section */
		023EDA5103EE405429605725 /* Pods_EthereumSigner.framework in Frameworks */ = {isa = PBXBuildFile; fileRef = 811A95EBDE97E5BCF1150F48 /* Pods_EthereumSigner.framework */; };
		A95F28B823CBD3AA0014FD23 /* SignatureProtocol.swift in Sources */ = {isa = PBXBuildFile; fileRef = A95F28B723CBD3AA0014FD23 /* SignatureProtocol.swift */; };
		A95F28BC23CBD50F0014FD23 /* SignatureInteractor.swift in Sources */ = {isa = PBXBuildFile; fileRef = A95F28BB23CBD50F0014FD23 /* SignatureInteractor.swift */; };
		A95F28BF23CBD6380014FD23 /* SignatureRouter.swift in Sources */ = {isa = PBXBuildFile; fileRef = A95F28BE23CBD6380014FD23 /* SignatureRouter.swift */; };
		A9639B9823C49F390090562D /* Account.swift in Sources */ = {isa = PBXBuildFile; fileRef = A9639B9723C49F390090562D /* Account.swift */; };
		A9639B9B23C4D10F0090562D /* SetupProtocols.swift in Sources */ = {isa = PBXBuildFile; fileRef = A9639B9A23C4D10F0090562D /* SetupProtocols.swift */; };
		A9639B9F23C4D2250090562D /* SetupPresenter.swift in Sources */ = {isa = PBXBuildFile; fileRef = A9639B9E23C4D2250090562D /* SetupPresenter.swift */; };
		A9639BA223C4D2AE0090562D /* SetupInteractor.swift in Sources */ = {isa = PBXBuildFile; fileRef = A9639BA123C4D2AE0090562D /* SetupInteractor.swift */; };
		A9639BA523C4D3180090562D /* SetupRouter.swift in Sources */ = {isa = PBXBuildFile; fileRef = A9639BA423C4D3180090562D /* SetupRouter.swift */; };
		A9639BA723C4E0E50090562D /* SetupViewController.swift in Sources */ = {isa = PBXBuildFile; fileRef = A98A1EA623C1E290005B37D6 /* SetupViewController.swift */; };
		A9639BAF23C5036D0090562D /* AccountProtocols.swift in Sources */ = {isa = PBXBuildFile; fileRef = A9639BAE23C5036D0090562D /* AccountProtocols.swift */; };
		A9639BB123C506860090562D /* AccountPresenter.swift in Sources */ = {isa = PBXBuildFile; fileRef = A9639BB023C506860090562D /* AccountPresenter.swift */; };
		A9639BB323C5070A0090562D /* AccountRouter.swift in Sources */ = {isa = PBXBuildFile; fileRef = A9639BB223C5070A0090562D /* AccountRouter.swift */; };
		A9639BB523C507CE0090562D /* AccountInteractor.swift in Sources */ = {isa = PBXBuildFile; fileRef = A9639BB423C507CE0090562D /* AccountInteractor.swift */; };
		A9639BBC23C51D0B0090562D /* SigningProtocols.swift in Sources */ = {isa = PBXBuildFile; fileRef = A9639BBB23C51D0B0090562D /* SigningProtocols.swift */; };
		A9639BBE23C51D2D0090562D /* SigningInteractor.swift in Sources */ = {isa = PBXBuildFile; fileRef = A9639BBD23C51D2D0090562D /* SigningInteractor.swift */; };
		A9639BC023C51D390090562D /* SigningRouter.swift in Sources */ = {isa = PBXBuildFile; fileRef = A9639BBF23C51D390090562D /* SigningRouter.swift */; };
		A9639BC223C51D480090562D /* SigningPresenter.swift in Sources */ = {isa = PBXBuildFile; fileRef = A9639BC123C51D480090562D /* SigningPresenter.swift */; };
		A97C4A7A23CC8B3E00DF1590 /* DataManager.swift in Sources */ = {isa = PBXBuildFile; fileRef = A97C4A7923CC8B3E00DF1590 /* DataManager.swift */; };
		A97D79BD23C7E22500E622A5 /* SignaturePresenter.swift in Sources */ = {isa = PBXBuildFile; fileRef = A97D79BC23C7E22500E622A5 /* SignaturePresenter.swift */; };
		A98A1EA323C1E290005B37D6 /* AppDelegate.swift in Sources */ = {isa = PBXBuildFile; fileRef = A98A1EA223C1E290005B37D6 /* AppDelegate.swift */; };
		A98A1EA523C1E290005B37D6 /* SceneDelegate.swift in Sources */ = {isa = PBXBuildFile; fileRef = A98A1EA423C1E290005B37D6 /* SceneDelegate.swift */; };
		A98A1EAC23C1E296005B37D6 /* Assets.xcassets in Resources */ = {isa = PBXBuildFile; fileRef = A98A1EAB23C1E296005B37D6 /* Assets.xcassets */; };
		A98A1EAF23C1E296005B37D6 /* LaunchScreen.storyboard in Resources */ = {isa = PBXBuildFile; fileRef = A98A1EAD23C1E296005B37D6 /* LaunchScreen.storyboard */; };
		A98A1EBA23C1E296005B37D6 /* EthereumSignerTests.swift in Sources */ = {isa = PBXBuildFile; fileRef = A98A1EB923C1E296005B37D6 /* EthereumSignerTests.swift */; };
		A98A1ECA23C270B8005B37D6 /* UIComponents.swift in Sources */ = {isa = PBXBuildFile; fileRef = A98A1EC923C270B8005B37D6 /* UIComponents.swift */; };
		A98A1ECC23C271DB005B37D6 /* Extensions.swift in Sources */ = {isa = PBXBuildFile; fileRef = A98A1ECB23C271DB005B37D6 /* Extensions.swift */; };
		A98A1ED123C27815005B37D6 /* BaseViewController.swift in Sources */ = {isa = PBXBuildFile; fileRef = A98A1ED023C27815005B37D6 /* BaseViewController.swift */; };
		A992B4F523C86230003FF44A /* ScannerInteractor.swift in Sources */ = {isa = PBXBuildFile; fileRef = A992B4F423C86230003FF44A /* ScannerInteractor.swift */; };
		A992B4F723C8623E003FF44A /* ScannerPresenter.swift in Sources */ = {isa = PBXBuildFile; fileRef = A992B4F623C8623E003FF44A /* ScannerPresenter.swift */; };
		A992B4F923C8624C003FF44A /* ScannerRouter.swift in Sources */ = {isa = PBXBuildFile; fileRef = A992B4F823C8624C003FF44A /* ScannerRouter.swift */; };
		A992B4FB23C86267003FF44A /* ScannerProtocols.swift in Sources */ = {isa = PBXBuildFile; fileRef = A992B4FA23C86267003FF44A /* ScannerProtocols.swift */; };
		A9ADBA1A23C3DF8F00738703 /* SignatureViewController.swift in Sources */ = {isa = PBXBuildFile; fileRef = A9ADBA1923C3DF8F00738703 /* SignatureViewController.swift */; };
		A9ADBA1D23C3E3FC00738703 /* VerificationViewController.swift in Sources */ = {isa = PBXBuildFile; fileRef = A9ADBA1C23C3E3FC00738703 /* VerificationViewController.swift */; };
		A9ADBA2023C3E51800738703 /* ScannerViewController.swift in Sources */ = {isa = PBXBuildFile; fileRef = A9ADBA1F23C3E51800738703 /* ScannerViewController.swift */; };
		A9ADBA2323C3E85600738703 /* EthereumClient.swift in Sources */ = {isa = PBXBuildFile; fileRef = A9ADBA2223C3E85600738703 /* EthereumClient.swift */; };
		A9B6656623CBDC2400F7429D /* Signature.swift in Sources */ = {isa = PBXBuildFile; fileRef = A9B6656523CBDC2400F7429D /* Signature.swift */; };
		A9BBC68223CE619400A0D17B /* Wallet.swift in Sources */ = {isa = PBXBuildFile; fileRef = A9BBC68123CE619400A0D17B /* Wallet.swift */; };
		A9E8FB0E23C279B40046A40C /* AccountViewController.swift in Sources */ = {isa = PBXBuildFile; fileRef = A9E8FB0D23C279B40046A40C /* AccountViewController.swift */; };
		A9E8FB1023C285270046A40C /* Fonts.swift in Sources */ = {isa = PBXBuildFile; fileRef = A9E8FB0F23C285270046A40C /* Fonts.swift */; };
		A9E8FB1323C293AE0046A40C /* SigningViewController.swift in Sources */ = {isa = PBXBuildFile; fileRef = A9E8FB1223C293AE0046A40C /* SigningViewController.swift */; };
		A9FF186B23C70A8000BF2965 /* VerificationProtocols.swift in Sources */ = {isa = PBXBuildFile; fileRef = A9FF186A23C70A8000BF2965 /* VerificationProtocols.swift */; };
		A9FF186D23C70B3F00BF2965 /* VerificationPresenter.swift in Sources */ = {isa = PBXBuildFile; fileRef = A9FF186C23C70B3F00BF2965 /* VerificationPresenter.swift */; };
		A9FF186F23C70C0600BF2965 /* VerificationInteractor.swift in Sources */ = {isa = PBXBuildFile; fileRef = A9FF186E23C70C0600BF2965 /* VerificationInteractor.swift */; };
		A9FF187123C70C8600BF2965 /* VerificationRouter.swift in Sources */ = {isa = PBXBuildFile; fileRef = A9FF187023C70C8600BF2965 /* VerificationRouter.swift */; };
		E04DB9821AB708CB8AD57EFD /* Pods_EthereumSignerTests.framework in Frameworks */ = {isa = PBXBuildFile; fileRef = FDB06C991CEC6D1A4529E32D /* Pods_EthereumSignerTests.framework */; };
/* End PBXBuildFile section */

/* Begin PBXContainerItemProxy section */
		A98A1EB623C1E296005B37D6 /* PBXContainerItemProxy */ = {
			isa = PBXContainerItemProxy;
			containerPortal = A98A1E9723C1E290005B37D6 /* Project object */;
			proxyType = 1;
			remoteGlobalIDString = A98A1E9E23C1E290005B37D6;
			remoteInfo = EthereumSigner;
		};
/* End PBXContainerItemProxy section */

/* Begin PBXFileReference section */
		5D1289EE7719BEA72DB1C753 /* Pods-EthereumSigner.debug.xcconfig */ = {isa = PBXFileReference; includeInIndex = 1; lastKnownFileType = text.xcconfig; name = "Pods-EthereumSigner.debug.xcconfig"; path = "Target Support Files/Pods-EthereumSigner/Pods-EthereumSigner.debug.xcconfig"; sourceTree = "<group>"; };
		811A95EBDE97E5BCF1150F48 /* Pods_EthereumSigner.framework */ = {isa = PBXFileReference; explicitFileType = wrapper.framework; includeInIndex = 0; path = Pods_EthereumSigner.framework; sourceTree = BUILT_PRODUCTS_DIR; };
		A95F28B723CBD3AA0014FD23 /* SignatureProtocol.swift */ = {isa = PBXFileReference; lastKnownFileType = sourcecode.swift; path = SignatureProtocol.swift; sourceTree = "<group>"; };
		A95F28BB23CBD50F0014FD23 /* SignatureInteractor.swift */ = {isa = PBXFileReference; lastKnownFileType = sourcecode.swift; path = SignatureInteractor.swift; sourceTree = "<group>"; };
		A95F28BE23CBD6380014FD23 /* SignatureRouter.swift */ = {isa = PBXFileReference; lastKnownFileType = sourcecode.swift; path = SignatureRouter.swift; sourceTree = "<group>"; };
		A9639B9723C49F390090562D /* Account.swift */ = {isa = PBXFileReference; lastKnownFileType = sourcecode.swift; path = Account.swift; sourceTree = "<group>"; };
		A9639B9A23C4D10F0090562D /* SetupProtocols.swift */ = {isa = PBXFileReference; lastKnownFileType = sourcecode.swift; path = SetupProtocols.swift; sourceTree = "<group>"; };
		A9639B9E23C4D2250090562D /* SetupPresenter.swift */ = {isa = PBXFileReference; lastKnownFileType = sourcecode.swift; path = SetupPresenter.swift; sourceTree = "<group>"; };
		A9639BA123C4D2AE0090562D /* SetupInteractor.swift */ = {isa = PBXFileReference; lastKnownFileType = sourcecode.swift; path = SetupInteractor.swift; sourceTree = "<group>"; };
		A9639BA423C4D3180090562D /* SetupRouter.swift */ = {isa = PBXFileReference; lastKnownFileType = sourcecode.swift; path = SetupRouter.swift; sourceTree = "<group>"; };
		A9639BAE23C5036D0090562D /* AccountProtocols.swift */ = {isa = PBXFileReference; lastKnownFileType = sourcecode.swift; path = AccountProtocols.swift; sourceTree = "<group>"; };
		A9639BB023C506860090562D /* AccountPresenter.swift */ = {isa = PBXFileReference; lastKnownFileType = sourcecode.swift; path = AccountPresenter.swift; sourceTree = "<group>"; };
		A9639BB223C5070A0090562D /* AccountRouter.swift */ = {isa = PBXFileReference; lastKnownFileType = sourcecode.swift; path = AccountRouter.swift; sourceTree = "<group>"; };
		A9639BB423C507CE0090562D /* AccountInteractor.swift */ = {isa = PBXFileReference; lastKnownFileType = sourcecode.swift; path = AccountInteractor.swift; sourceTree = "<group>"; };
		A9639BBB23C51D0B0090562D /* SigningProtocols.swift */ = {isa = PBXFileReference; lastKnownFileType = sourcecode.swift; path = SigningProtocols.swift; sourceTree = "<group>"; };
		A9639BBD23C51D2D0090562D /* SigningInteractor.swift */ = {isa = PBXFileReference; lastKnownFileType = sourcecode.swift; path = SigningInteractor.swift; sourceTree = "<group>"; };
		A9639BBF23C51D390090562D /* SigningRouter.swift */ = {isa = PBXFileReference; lastKnownFileType = sourcecode.swift; path = SigningRouter.swift; sourceTree = "<group>"; };
		A9639BC123C51D480090562D /* SigningPresenter.swift */ = {isa = PBXFileReference; lastKnownFileType = sourcecode.swift; path = SigningPresenter.swift; sourceTree = "<group>"; };
		A97C4A7923CC8B3E00DF1590 /* DataManager.swift */ = {isa = PBXFileReference; lastKnownFileType = sourcecode.swift; path = DataManager.swift; sourceTree = "<group>"; };
		A97D79BC23C7E22500E622A5 /* SignaturePresenter.swift */ = {isa = PBXFileReference; lastKnownFileType = sourcecode.swift; path = SignaturePresenter.swift; sourceTree = "<group>"; };
		A98A1E9F23C1E290005B37D6 /* Ethereum Signer.app */ = {isa = PBXFileReference; explicitFileType = wrapper.application; includeInIndex = 0; path = "Ethereum Signer.app"; sourceTree = BUILT_PRODUCTS_DIR; };
		A98A1EA223C1E290005B37D6 /* AppDelegate.swift */ = {isa = PBXFileReference; lastKnownFileType = sourcecode.swift; path = AppDelegate.swift; sourceTree = "<group>"; };
		A98A1EA423C1E290005B37D6 /* SceneDelegate.swift */ = {isa = PBXFileReference; lastKnownFileType = sourcecode.swift; path = SceneDelegate.swift; sourceTree = "<group>"; };
		A98A1EA623C1E290005B37D6 /* SetupViewController.swift */ = {isa = PBXFileReference; lastKnownFileType = sourcecode.swift; path = SetupViewController.swift; sourceTree = "<group>"; };
		A98A1EAB23C1E296005B37D6 /* Assets.xcassets */ = {isa = PBXFileReference; lastKnownFileType = folder.assetcatalog; path = Assets.xcassets; sourceTree = "<group>"; };
		A98A1EAE23C1E296005B37D6 /* Base */ = {isa = PBXFileReference; lastKnownFileType = file.storyboard; name = Base; path = Base.lproj/LaunchScreen.storyboard; sourceTree = "<group>"; };
		A98A1EB023C1E296005B37D6 /* Info.plist */ = {isa = PBXFileReference; lastKnownFileType = text.plist.xml; path = Info.plist; sourceTree = "<group>"; };
		A98A1EB523C1E296005B37D6 /* EthereumSignerTests.xctest */ = {isa = PBXFileReference; explicitFileType = wrapper.cfbundle; includeInIndex = 0; path = EthereumSignerTests.xctest; sourceTree = BUILT_PRODUCTS_DIR; };
		A98A1EB923C1E296005B37D6 /* EthereumSignerTests.swift */ = {isa = PBXFileReference; lastKnownFileType = sourcecode.swift; path = EthereumSignerTests.swift; sourceTree = "<group>"; };
		A98A1EBB23C1E296005B37D6 /* Info.plist */ = {isa = PBXFileReference; lastKnownFileType = text.plist.xml; path = Info.plist; sourceTree = "<group>"; };
		A98A1EC923C270B8005B37D6 /* UIComponents.swift */ = {isa = PBXFileReference; lastKnownFileType = sourcecode.swift; path = UIComponents.swift; sourceTree = "<group>"; };
		A98A1ECB23C271DB005B37D6 /* Extensions.swift */ = {isa = PBXFileReference; lastKnownFileType = sourcecode.swift; path = Extensions.swift; sourceTree = "<group>"; };
		A98A1ED023C27815005B37D6 /* BaseViewController.swift */ = {isa = PBXFileReference; lastKnownFileType = sourcecode.swift; path = BaseViewController.swift; sourceTree = "<group>"; };
		A992B4F423C86230003FF44A /* ScannerInteractor.swift */ = {isa = PBXFileReference; lastKnownFileType = sourcecode.swift; path = ScannerInteractor.swift; sourceTree = "<group>"; };
		A992B4F623C8623E003FF44A /* ScannerPresenter.swift */ = {isa = PBXFileReference; lastKnownFileType = sourcecode.swift; path = ScannerPresenter.swift; sourceTree = "<group>"; };
		A992B4F823C8624C003FF44A /* ScannerRouter.swift */ = {isa = PBXFileReference; lastKnownFileType = sourcecode.swift; path = ScannerRouter.swift; sourceTree = "<group>"; };
		A992B4FA23C86267003FF44A /* ScannerProtocols.swift */ = {isa = PBXFileReference; lastKnownFileType = sourcecode.swift; path = ScannerProtocols.swift; sourceTree = "<group>"; };
		A9ADBA1923C3DF8F00738703 /* SignatureViewController.swift */ = {isa = PBXFileReference; lastKnownFileType = sourcecode.swift; path = SignatureViewController.swift; sourceTree = "<group>"; };
		A9ADBA1C23C3E3FC00738703 /* VerificationViewController.swift */ = {isa = PBXFileReference; lastKnownFileType = sourcecode.swift; path = VerificationViewController.swift; sourceTree = "<group>"; };
		A9ADBA1F23C3E51800738703 /* ScannerViewController.swift */ = {isa = PBXFileReference; lastKnownFileType = sourcecode.swift; path = ScannerViewController.swift; sourceTree = "<group>"; };
		A9ADBA2223C3E85600738703 /* EthereumClient.swift */ = {isa = PBXFileReference; lastKnownFileType = sourcecode.swift; path = EthereumClient.swift; sourceTree = "<group>"; };
		A9B6656523CBDC2400F7429D /* Signature.swift */ = {isa = PBXFileReference; lastKnownFileType = sourcecode.swift; path = Signature.swift; sourceTree = "<group>"; };
		A9BBC68123CE619400A0D17B /* Wallet.swift */ = {isa = PBXFileReference; lastKnownFileType = sourcecode.swift; path = Wallet.swift; sourceTree = "<group>"; };
		A9E8FB0D23C279B40046A40C /* AccountViewController.swift */ = {isa = PBXFileReference; lastKnownFileType = sourcecode.swift; path = AccountViewController.swift; sourceTree = "<group>"; };
		A9E8FB0F23C285270046A40C /* Fonts.swift */ = {isa = PBXFileReference; lastKnownFileType = sourcecode.swift; path = Fonts.swift; sourceTree = "<group>"; };
		A9E8FB1223C293AE0046A40C /* SigningViewController.swift */ = {isa = PBXFileReference; lastKnownFileType = sourcecode.swift; path = SigningViewController.swift; sourceTree = "<group>"; };
		A9FF186A23C70A8000BF2965 /* VerificationProtocols.swift */ = {isa = PBXFileReference; lastKnownFileType = sourcecode.swift; path = VerificationProtocols.swift; sourceTree = "<group>"; };
		A9FF186C23C70B3F00BF2965 /* VerificationPresenter.swift */ = {isa = PBXFileReference; lastKnownFileType = sourcecode.swift; path = VerificationPresenter.swift; sourceTree = "<group>"; };
		A9FF186E23C70C0600BF2965 /* VerificationInteractor.swift */ = {isa = PBXFileReference; lastKnownFileType = sourcecode.swift; path = VerificationInteractor.swift; sourceTree = "<group>"; };
		A9FF187023C70C8600BF2965 /* VerificationRouter.swift */ = {isa = PBXFileReference; lastKnownFileType = sourcecode.swift; path = VerificationRouter.swift; sourceTree = "<group>"; };
		B05A4237C007042906FA3D59 /* Pods-EthereumSignerTests.release.xcconfig */ = {isa = PBXFileReference; includeInIndex = 1; lastKnownFileType = text.xcconfig; name = "Pods-EthereumSignerTests.release.xcconfig"; path = "Target Support Files/Pods-EthereumSignerTests/Pods-EthereumSignerTests.release.xcconfig"; sourceTree = "<group>"; };
		B2D15E8D59F76047A82AEA8F /* Pods-EthereumSigner.release.xcconfig */ = {isa = PBXFileReference; includeInIndex = 1; lastKnownFileType = text.xcconfig; name = "Pods-EthereumSigner.release.xcconfig"; path = "Target Support Files/Pods-EthereumSigner/Pods-EthereumSigner.release.xcconfig"; sourceTree = "<group>"; };
		F39C3C8E9775350293977575 /* Pods-EthereumSignerTests.debug.xcconfig */ = {isa = PBXFileReference; includeInIndex = 1; lastKnownFileType = text.xcconfig; name = "Pods-EthereumSignerTests.debug.xcconfig"; path = "Target Support Files/Pods-EthereumSignerTests/Pods-EthereumSignerTests.debug.xcconfig"; sourceTree = "<group>"; };
		FDB06C991CEC6D1A4529E32D /* Pods_EthereumSignerTests.framework */ = {isa = PBXFileReference; explicitFileType = wrapper.framework; includeInIndex = 0; path = Pods_EthereumSignerTests.framework; sourceTree = BUILT_PRODUCTS_DIR; };
/* End PBXFileReference section */

/* Begin PBXFrameworksBuildPhase section */
		A98A1E9C23C1E290005B37D6 /* Frameworks */ = {
			isa = PBXFrameworksBuildPhase;
			buildActionMask = 2147483647;
			files = (
				023EDA5103EE405429605725 /* Pods_EthereumSigner.framework in Frameworks */,
			);
			runOnlyForDeploymentPostprocessing = 0;
		};
		A98A1EB223C1E296005B37D6 /* Frameworks */ = {
			isa = PBXFrameworksBuildPhase;
			buildActionMask = 2147483647;
			files = (
				E04DB9821AB708CB8AD57EFD /* Pods_EthereumSignerTests.framework in Frameworks */,
			);
			runOnlyForDeploymentPostprocessing = 0;
		};
/* End PBXFrameworksBuildPhase section */

/* Begin PBXGroup section */
		0EB2D09458855807E858C172 /* Pods */ = {
			isa = PBXGroup;
			children = (
				5D1289EE7719BEA72DB1C753 /* Pods-EthereumSigner.debug.xcconfig */,
				B2D15E8D59F76047A82AEA8F /* Pods-EthereumSigner.release.xcconfig */,
				F39C3C8E9775350293977575 /* Pods-EthereumSignerTests.debug.xcconfig */,
				B05A4237C007042906FA3D59 /* Pods-EthereumSignerTests.release.xcconfig */,
			);
			path = Pods;
			sourceTree = "<group>";
		};
		A95F28B523CBD38A0014FD23 /* view */ = {
			isa = PBXGroup;
			children = (
				A9ADBA1923C3DF8F00738703 /* SignatureViewController.swift */,
			);
			path = view;
			sourceTree = "<group>";
		};
		A95F28B623CBD3930014FD23 /* protocols */ = {
			isa = PBXGroup;
			children = (
				A95F28B723CBD3AA0014FD23 /* SignatureProtocol.swift */,
			);
			path = protocols;
			sourceTree = "<group>";
		};
		A95F28B923CBD4970014FD23 /* presenter */ = {
			isa = PBXGroup;
			children = (
				A97D79BC23C7E22500E622A5 /* SignaturePresenter.swift */,
			);
			path = presenter;
			sourceTree = "<group>";
		};
		A95F28BA23CBD4F90014FD23 /* interactor */ = {
			isa = PBXGroup;
			children = (
				A95F28BB23CBD50F0014FD23 /* SignatureInteractor.swift */,
			);
			path = interactor;
			sourceTree = "<group>";
		};
		A95F28BD23CBD61E0014FD23 /* router */ = {
			isa = PBXGroup;
			children = (
				A95F28BE23CBD6380014FD23 /* SignatureRouter.swift */,
			);
			path = router;
			sourceTree = "<group>";
		};
		A9639B9623C49F2B0090562D /* DataManager */ = {
			isa = PBXGroup;
			children = (
				A97C4A7923CC8B3E00DF1590 /* DataManager.swift */,
			);
			path = DataManager;
			sourceTree = "<group>";
		};
		A9639B9923C4CBE30090562D /* app-settings */ = {
			isa = PBXGroup;
			children = (
				A98A1EA223C1E290005B37D6 /* AppDelegate.swift */,
				A98A1EA423C1E290005B37D6 /* SceneDelegate.swift */,
			);
			path = "app-settings";
			sourceTree = "<group>";
		};
		A9639B9C23C4D2030090562D /* presenter */ = {
			isa = PBXGroup;
			children = (
				A9639B9E23C4D2250090562D /* SetupPresenter.swift */,
			);
			path = presenter;
			sourceTree = "<group>";
		};
		A9639B9D23C4D20D0090562D /* protocols */ = {
			isa = PBXGroup;
			children = (
				A9639B9A23C4D10F0090562D /* SetupProtocols.swift */,
			);
			path = protocols;
			sourceTree = "<group>";
		};
		A9639BA023C4D29B0090562D /* interactor */ = {
			isa = PBXGroup;
			children = (
				A9639BA123C4D2AE0090562D /* SetupInteractor.swift */,
			);
			path = interactor;
			sourceTree = "<group>";
		};
		A9639BA323C4D2FC0090562D /* router */ = {
			isa = PBXGroup;
			children = (
				A9639BA423C4D3180090562D /* SetupRouter.swift */,
			);
			path = router;
			sourceTree = "<group>";
		};
		A9639BA623C4E01D0090562D /* view */ = {
			isa = PBXGroup;
			children = (
				A98A1EA623C1E290005B37D6 /* SetupViewController.swift */,
			);
			path = view;
			sourceTree = "<group>";
		};
		A9639BA823C5031D0090562D /* view */ = {
			isa = PBXGroup;
			children = (
				A9E8FB0D23C279B40046A40C /* AccountViewController.swift */,
			);
			path = view;
			sourceTree = "<group>";
		};
		A9639BA923C503270090562D /* router */ = {
			isa = PBXGroup;
			children = (
				A9639BB223C5070A0090562D /* AccountRouter.swift */,
			);
			path = router;
			sourceTree = "<group>";
		};
		A9639BAA23C5032E0090562D /* interactor */ = {
			isa = PBXGroup;
			children = (
				A9639BB423C507CE0090562D /* AccountInteractor.swift */,
			);
			path = interactor;
			sourceTree = "<group>";
		};
		A9639BAC23C5033B0090562D /* protocols */ = {
			isa = PBXGroup;
			children = (
				A9639BAE23C5036D0090562D /* AccountProtocols.swift */,
			);
			path = protocols;
			sourceTree = "<group>";
		};
		A9639BAD23C503480090562D /* presenter */ = {
			isa = PBXGroup;
			children = (
				A9639BB023C506860090562D /* AccountPresenter.swift */,
			);
			path = presenter;
			sourceTree = "<group>";
		};
		A9639BB623C51CCD0090562D /* view */ = {
			isa = PBXGroup;
			children = (
				A9E8FB1223C293AE0046A40C /* SigningViewController.swift */,
			);
			path = view;
			sourceTree = "<group>";
		};
		A9639BB723C51CD30090562D /* presenter */ = {
			isa = PBXGroup;
			children = (
				A9639BC123C51D480090562D /* SigningPresenter.swift */,
			);
			path = presenter;
			sourceTree = "<group>";
		};
		A9639BB823C51CDA0090562D /* router */ = {
			isa = PBXGroup;
			children = (
				A9639BBF23C51D390090562D /* SigningRouter.swift */,
			);
			path = router;
			sourceTree = "<group>";
		};
		A9639BB923C51CE30090562D /* interactor */ = {
			isa = PBXGroup;
			children = (
				A9639BBD23C51D2D0090562D /* SigningInteractor.swift */,
			);
			path = interactor;
			sourceTree = "<group>";
		};
		A9639BBA23C51CEE0090562D /* protocols */ = {
			isa = PBXGroup;
			children = (
				A9639BBB23C51D0B0090562D /* SigningProtocols.swift */,
			);
			path = protocols;
			sourceTree = "<group>";
		};
		A98A1E9623C1E290005B37D6 = {
			isa = PBXGroup;
			children = (
				A98A1EA123C1E290005B37D6 /* EthereumSigner */,
				A98A1EB823C1E296005B37D6 /* EthereumSignerTests */,
				A98A1EA023C1E290005B37D6 /* Products */,
				0EB2D09458855807E858C172 /* Pods */,
				C9E3701D6B978A83D4931FD8 /* Frameworks */,
			);
			sourceTree = "<group>";
		};
		A98A1EA023C1E290005B37D6 /* Products */ = {
			isa = PBXGroup;
			children = (
				A98A1E9F23C1E290005B37D6 /* Ethereum Signer.app */,
				A98A1EB523C1E296005B37D6 /* EthereumSignerTests.xctest */,
			);
			name = Products;
			sourceTree = "<group>";
		};
		A98A1EA123C1E290005B37D6 /* EthereumSigner */ = {
			isa = PBXGroup;
			children = (
				A9639B9923C4CBE30090562D /* app-settings */,
				A9639B9623C49F2B0090562D /* DataManager */,
				A9ADBA2123C3E84000738703 /* EthereumClient */,
				A98A1ECF23C27806005B37D6 /* Base */,
				A98A1EC423C1E2F3005B37D6 /* app-Modules */,
				A98A1EC523C27067005B37D6 /* Helpers */,
				A98A1EAB23C1E296005B37D6 /* Assets.xcassets */,
				A98A1EAD23C1E296005B37D6 /* LaunchScreen.storyboard */,
				A98A1EB023C1E296005B37D6 /* Info.plist */,
			);
			path = EthereumSigner;
			sourceTree = "<group>";
		};
		A98A1EB823C1E296005B37D6 /* EthereumSignerTests */ = {
			isa = PBXGroup;
			children = (
				A98A1EB923C1E296005B37D6 /* EthereumSignerTests.swift */,
				A98A1EBB23C1E296005B37D6 /* Info.plist */,
			);
			path = EthereumSignerTests;
			sourceTree = "<group>";
		};
		A98A1EC423C1E2F3005B37D6 /* app-Modules */ = {
			isa = PBXGroup;
			children = (
				A9E8FB1123C2936F0046A40C /* signing-module */,
				A98A1ECD23C27394005B37D6 /* setup-module */,
				A98A1ECE23C273A0005B37D6 /* account-module */,
				A9ADBA1B23C3E3E600738703 /* verification-module */,
				A9ADBA1E23C3E50700738703 /* scanner-module */,
				A9ADBA1823C3DF7400738703 /* signature-module */,
			);
			path = "app-Modules";
			sourceTree = "<group>";
		};
		A98A1EC523C27067005B37D6 /* Helpers */ = {
			isa = PBXGroup;
			children = (
				A98A1EC823C27090005B37D6 /* Extensions */,
				A98A1EC723C2708B005B37D6 /* Fonts */,
				A98A1EC623C27080005B37D6 /* UI-Components */,
			);
			path = Helpers;
			sourceTree = "<group>";
		};
		A98A1EC623C27080005B37D6 /* UI-Components */ = {
			isa = PBXGroup;
			children = (
				A98A1EC923C270B8005B37D6 /* UIComponents.swift */,
			);
			path = "UI-Components";
			sourceTree = "<group>";
		};
		A98A1EC723C2708B005B37D6 /* Fonts */ = {
			isa = PBXGroup;
			children = (
				A9E8FB0F23C285270046A40C /* Fonts.swift */,
			);
			path = Fonts;
			sourceTree = "<group>";
		};
		A98A1EC823C27090005B37D6 /* Extensions */ = {
			isa = PBXGroup;
			children = (
				A98A1ECB23C271DB005B37D6 /* Extensions.swift */,
			);
			path = Extensions;
			sourceTree = "<group>";
		};
		A98A1ECD23C27394005B37D6 /* setup-module */ = {
			isa = PBXGroup;
			children = (
				A9B6656023CBDB8E00F7429D /* entity */,
				A9639BA623C4E01D0090562D /* view */,
				A9639BA323C4D2FC0090562D /* router */,
				A9639BA023C4D29B0090562D /* interactor */,
				A9639B9D23C4D20D0090562D /* protocols */,
				A9639B9C23C4D2030090562D /* presenter */,
			);
			path = "setup-module";
			sourceTree = "<group>";
		};
		A98A1ECE23C273A0005B37D6 /* account-module */ = {
			isa = PBXGroup;
			children = (
				A9B6656123CBDBA200F7429D /* entity */,
				A9639BAD23C503480090562D /* presenter */,
				A9639BAC23C5033B0090562D /* protocols */,
				A9639BAA23C5032E0090562D /* interactor */,
				A9639BA923C503270090562D /* router */,
				A9639BA823C5031D0090562D /* view */,
			);
			path = "account-module";
			sourceTree = "<group>";
		};
		A98A1ECF23C27806005B37D6 /* Base */ = {
			isa = PBXGroup;
			children = (
				A98A1ED023C27815005B37D6 /* BaseViewController.swift */,
			);
			path = Base;
			sourceTree = "<group>";
		};
		A992B4EF23C861E4003FF44A /* protocols */ = {
			isa = PBXGroup;
			children = (
				A992B4FA23C86267003FF44A /* ScannerProtocols.swift */,
			);
			path = protocols;
			sourceTree = "<group>";
		};
		A992B4F023C861EB003FF44A /* router */ = {
			isa = PBXGroup;
			children = (
				A992B4F823C8624C003FF44A /* ScannerRouter.swift */,
			);
			path = router;
			sourceTree = "<group>";
		};
		A992B4F123C861F5003FF44A /* presenter */ = {
			isa = PBXGroup;
			children = (
				A992B4F623C8623E003FF44A /* ScannerPresenter.swift */,
			);
			path = presenter;
			sourceTree = "<group>";
		};
		A992B4F223C8620D003FF44A /* interactor */ = {
			isa = PBXGroup;
			children = (
				A992B4F423C86230003FF44A /* ScannerInteractor.swift */,
			);
			path = interactor;
			sourceTree = "<group>";
		};
		A992B4F323C86213003FF44A /* view */ = {
			isa = PBXGroup;
			children = (
				A9ADBA1F23C3E51800738703 /* ScannerViewController.swift */,
			);
			path = view;
			sourceTree = "<group>";
		};
		A9ADBA1823C3DF7400738703 /* signature-module */ = {
			isa = PBXGroup;
			children = (
				A9B6656423CBDBC400F7429D /* entity */,
				A95F28BD23CBD61E0014FD23 /* router */,
				A95F28BA23CBD4F90014FD23 /* interactor */,
				A95F28B923CBD4970014FD23 /* presenter */,
				A95F28B623CBD3930014FD23 /* protocols */,
				A95F28B523CBD38A0014FD23 /* view */,
			);
			path = "signature-module";
			sourceTree = "<group>";
		};
		A9ADBA1B23C3E3E600738703 /* verification-module */ = {
			isa = PBXGroup;
			children = (
				A9B6656223CBDBAC00F7429D /* entity */,
				A9FF186923C70A3900BF2965 /* view */,
				A9FF186823C70A3100BF2965 /* router */,
				A9FF186723C70A2700BF2965 /* interactor */,
				A9FF186623C70A1E00BF2965 /* presenter */,
				A9FF186523C70A1600BF2965 /* protocols */,
			);
			path = "verification-module";
			sourceTree = "<group>";
		};
		A9ADBA1E23C3E50700738703 /* scanner-module */ = {
			isa = PBXGroup;
			children = (
				A9B6656323CBDBB600F7429D /* entity */,
				A992B4F323C86213003FF44A /* view */,
				A992B4F223C8620D003FF44A /* interactor */,
				A992B4F123C861F5003FF44A /* presenter */,
				A992B4F023C861EB003FF44A /* router */,
				A992B4EF23C861E4003FF44A /* protocols */,
			);
			path = "scanner-module";
			sourceTree = "<group>";
		};
		A9ADBA2123C3E84000738703 /* EthereumClient */ = {
			isa = PBXGroup;
			children = (
				A9ADBA2223C3E85600738703 /* EthereumClient.swift */,
			);
			path = EthereumClient;
			sourceTree = "<group>";
		};
		A9B6655F23CBDB8300F7429D /* entity */ = {
			isa = PBXGroup;
			children = (
				A9B6656523CBDC2400F7429D /* Signature.swift */,
			);
			path = entity;
			sourceTree = "<group>";
		};
		A9B6656023CBDB8E00F7429D /* entity */ = {
			isa = PBXGroup;
			children = (
				A9BBC68123CE619400A0D17B /* Wallet.swift */,
			);
			path = entity;
			sourceTree = "<group>";
		};
		A9B6656123CBDBA200F7429D /* entity */ = {
			isa = PBXGroup;
			children = (
				A9639B9723C49F390090562D /* Account.swift */,
			);
			path = entity;
			sourceTree = "<group>";
		};
		A9B6656223CBDBAC00F7429D /* entity */ = {
			isa = PBXGroup;
			children = (
			);
			path = entity;
			sourceTree = "<group>";
		};
		A9B6656323CBDBB600F7429D /* entity */ = {
			isa = PBXGroup;
			children = (
			);
			path = entity;
			sourceTree = "<group>";
		};
		A9B6656423CBDBC400F7429D /* entity */ = {
			isa = PBXGroup;
			children = (
			);
			path = entity;
			sourceTree = "<group>";
		};
		A9E8FB1123C2936F0046A40C /* signing-module */ = {
			isa = PBXGroup;
			children = (
				A9B6655F23CBDB8300F7429D /* entity */,
				A9639BBA23C51CEE0090562D /* protocols */,
				A9639BB923C51CE30090562D /* interactor */,
				A9639BB823C51CDA0090562D /* router */,
				A9639BB723C51CD30090562D /* presenter */,
				A9639BB623C51CCD0090562D /* view */,
			);
			path = "signing-module";
			sourceTree = "<group>";
		};
		A9FF186523C70A1600BF2965 /* protocols */ = {
			isa = PBXGroup;
			children = (
				A9FF186A23C70A8000BF2965 /* VerificationProtocols.swift */,
			);
			path = protocols;
			sourceTree = "<group>";
		};
		A9FF186623C70A1E00BF2965 /* presenter */ = {
			isa = PBXGroup;
			children = (
				A9FF186C23C70B3F00BF2965 /* VerificationPresenter.swift */,
			);
			path = presenter;
			sourceTree = "<group>";
		};
		A9FF186723C70A2700BF2965 /* interactor */ = {
			isa = PBXGroup;
			children = (
				A9FF186E23C70C0600BF2965 /* VerificationInteractor.swift */,
			);
			path = interactor;
			sourceTree = "<group>";
		};
		A9FF186823C70A3100BF2965 /* router */ = {
			isa = PBXGroup;
			children = (
				A9FF187023C70C8600BF2965 /* VerificationRouter.swift */,
			);
			path = router;
			sourceTree = "<group>";
		};
		A9FF186923C70A3900BF2965 /* view */ = {
			isa = PBXGroup;
			children = (
				A9ADBA1C23C3E3FC00738703 /* VerificationViewController.swift */,
			);
			path = view;
			sourceTree = "<group>";
		};
		C9E3701D6B978A83D4931FD8 /* Frameworks */ = {
			isa = PBXGroup;
			children = (
				811A95EBDE97E5BCF1150F48 /* Pods_EthereumSigner.framework */,
				FDB06C991CEC6D1A4529E32D /* Pods_EthereumSignerTests.framework */,
			);
			name = Frameworks;
			sourceTree = "<group>";
		};
/* End PBXGroup section */

/* Begin PBXNativeTarget section */
		A98A1E9E23C1E290005B37D6 /* EthereumSigner */ = {
			isa = PBXNativeTarget;
			buildConfigurationList = A98A1EBE23C1E296005B37D6 /* Build configuration list for PBXNativeTarget "EthereumSigner" */;
			buildPhases = (
				22AE76E449A319968580A939 /* [CP] Check Pods Manifest.lock */,
				A98A1E9B23C1E290005B37D6 /* Sources */,
				A98A1E9C23C1E290005B37D6 /* Frameworks */,
				A98A1E9D23C1E290005B37D6 /* Resources */,
				873EAE0B5548ED5794D9B79B /* [CP] Embed Pods Frameworks */,
			);
			buildRules = (
			);
			dependencies = (
			);
			name = EthereumSigner;
			productName = EthereumSigner;
			productReference = A98A1E9F23C1E290005B37D6 /* Ethereum Signer.app */;
			productType = "com.apple.product-type.application";
		};
		A98A1EB423C1E296005B37D6 /* EthereumSignerTests */ = {
			isa = PBXNativeTarget;
			buildConfigurationList = A98A1EC123C1E296005B37D6 /* Build configuration list for PBXNativeTarget "EthereumSignerTests" */;
			buildPhases = (
				55377CB4EC2FC4BFF3A7C630 /* [CP] Check Pods Manifest.lock */,
				A98A1EB123C1E296005B37D6 /* Sources */,
				A98A1EB223C1E296005B37D6 /* Frameworks */,
				A98A1EB323C1E296005B37D6 /* Resources */,
			);
			buildRules = (
			);
			dependencies = (
				A98A1EB723C1E296005B37D6 /* PBXTargetDependency */,
			);
			name = EthereumSignerTests;
			productName = EthereumSignerTests;
			productReference = A98A1EB523C1E296005B37D6 /* EthereumSignerTests.xctest */;
			productType = "com.apple.product-type.bundle.unit-test";
		};
/* End PBXNativeTarget section */

/* Begin PBXProject section */
		A98A1E9723C1E290005B37D6 /* Project object */ = {
			isa = PBXProject;
			attributes = {
				LastSwiftUpdateCheck = 1110;
				LastUpgradeCheck = 1110;
				ORGANIZATIONNAME = "Farhan Mirza";
				TargetAttributes = {
					A98A1E9E23C1E290005B37D6 = {
						CreatedOnToolsVersion = 11.1;
					};
					A98A1EB423C1E296005B37D6 = {
						CreatedOnToolsVersion = 11.1;
						TestTargetID = A98A1E9E23C1E290005B37D6;
					};
				};
			};
			buildConfigurationList = A98A1E9A23C1E290005B37D6 /* Build configuration list for PBXProject "EthereumSigner" */;
			compatibilityVersion = "Xcode 9.3";
			developmentRegion = en;
			hasScannedForEncodings = 0;
			knownRegions = (
				en,
				Base,
			);
			mainGroup = A98A1E9623C1E290005B37D6;
			productRefGroup = A98A1EA023C1E290005B37D6 /* Products */;
			projectDirPath = "";
			projectRoot = "";
			targets = (
				A98A1E9E23C1E290005B37D6 /* EthereumSigner */,
				A98A1EB423C1E296005B37D6 /* EthereumSignerTests */,
			);
		};
/* End PBXProject section */

/* Begin PBXResourcesBuildPhase section */
		A98A1E9D23C1E290005B37D6 /* Resources */ = {
			isa = PBXResourcesBuildPhase;
			buildActionMask = 2147483647;
			files = (
				A98A1EAF23C1E296005B37D6 /* LaunchScreen.storyboard in Resources */,
				A98A1EAC23C1E296005B37D6 /* Assets.xcassets in Resources */,
			);
			runOnlyForDeploymentPostprocessing = 0;
		};
		A98A1EB323C1E296005B37D6 /* Resources */ = {
			isa = PBXResourcesBuildPhase;
			buildActionMask = 2147483647;
			files = (
			);
			runOnlyForDeploymentPostprocessing = 0;
		};
/* End PBXResourcesBuildPhase section */

/* Begin PBXShellScriptBuildPhase section */
		22AE76E449A319968580A939 /* [CP] Check Pods Manifest.lock */ = {
			isa = PBXShellScriptBuildPhase;
			buildActionMask = 2147483647;
			files = (
			);
			inputFileListPaths = (
			);
			inputPaths = (
				"${PODS_PODFILE_DIR_PATH}/Podfile.lock",
				"${PODS_ROOT}/Manifest.lock",
			);
			name = "[CP] Check Pods Manifest.lock";
			outputFileListPaths = (
			);
			outputPaths = (
				"$(DERIVED_FILE_DIR)/Pods-EthereumSigner-checkManifestLockResult.txt",
			);
			runOnlyForDeploymentPostprocessing = 0;
			shellPath = /bin/sh;
			shellScript = "diff \"${PODS_PODFILE_DIR_PATH}/Podfile.lock\" \"${PODS_ROOT}/Manifest.lock\" > /dev/null\nif [ $? != 0 ] ; then\n    # print error to STDERR\n    echo \"error: The sandbox is not in sync with the Podfile.lock. Run 'pod install' or update your CocoaPods installation.\" >&2\n    exit 1\nfi\n# This output is used by Xcode 'outputs' to avoid re-running this script phase.\necho \"SUCCESS\" > \"${SCRIPT_OUTPUT_FILE_0}\"\n";
			showEnvVarsInLog = 0;
		};
		55377CB4EC2FC4BFF3A7C630 /* [CP] Check Pods Manifest.lock */ = {
			isa = PBXShellScriptBuildPhase;
			buildActionMask = 2147483647;
			files = (
			);
			inputFileListPaths = (
			);
			inputPaths = (
				"${PODS_PODFILE_DIR_PATH}/Podfile.lock",
				"${PODS_ROOT}/Manifest.lock",
			);
			name = "[CP] Check Pods Manifest.lock";
			outputFileListPaths = (
			);
			outputPaths = (
				"$(DERIVED_FILE_DIR)/Pods-EthereumSignerTests-checkManifestLockResult.txt",
			);
			runOnlyForDeploymentPostprocessing = 0;
			shellPath = /bin/sh;
			shellScript = "diff \"${PODS_PODFILE_DIR_PATH}/Podfile.lock\" \"${PODS_ROOT}/Manifest.lock\" > /dev/null\nif [ $? != 0 ] ; then\n    # print error to STDERR\n    echo \"error: The sandbox is not in sync with the Podfile.lock. Run 'pod install' or update your CocoaPods installation.\" >&2\n    exit 1\nfi\n# This output is used by Xcode 'outputs' to avoid re-running this script phase.\necho \"SUCCESS\" > \"${SCRIPT_OUTPUT_FILE_0}\"\n";
			showEnvVarsInLog = 0;
		};
		873EAE0B5548ED5794D9B79B /* [CP] Embed Pods Frameworks */ = {
			isa = PBXShellScriptBuildPhase;
			buildActionMask = 2147483647;
			files = (
			);
			inputFileListPaths = (
				"${PODS_ROOT}/Target Support Files/Pods-EthereumSigner/Pods-EthereumSigner-frameworks-${CONFIGURATION}-input-files.xcfilelist",
			);
			name = "[CP] Embed Pods Frameworks";
			outputFileListPaths = (
				"${PODS_ROOT}/Target Support Files/Pods-EthereumSigner/Pods-EthereumSigner-frameworks-${CONFIGURATION}-output-files.xcfilelist",
			);
			runOnlyForDeploymentPostprocessing = 0;
			shellPath = /bin/sh;
			shellScript = "\"${PODS_ROOT}/Target Support Files/Pods-EthereumSigner/Pods-EthereumSigner-frameworks.sh\"\n";
			showEnvVarsInLog = 0;
		};
/* End PBXShellScriptBuildPhase section */

/* Begin PBXSourcesBuildPhase section */
		A98A1E9B23C1E290005B37D6 /* Sources */ = {
			isa = PBXSourcesBuildPhase;
			buildActionMask = 2147483647;
			files = (
				A9E8FB1023C285270046A40C /* Fonts.swift in Sources */,
				A97C4A7A23CC8B3E00DF1590 /* DataManager.swift in Sources */,
				A9FF186D23C70B3F00BF2965 /* VerificationPresenter.swift in Sources */,
				A9ADBA1A23C3DF8F00738703 /* SignatureViewController.swift in Sources */,
				A992B4F923C8624C003FF44A /* ScannerRouter.swift in Sources */,
				A9FF186B23C70A8000BF2965 /* VerificationProtocols.swift in Sources */,
				A95F28BF23CBD6380014FD23 /* SignatureRouter.swift in Sources */,
				A98A1ECC23C271DB005B37D6 /* Extensions.swift in Sources */,
				A9ADBA1D23C3E3FC00738703 /* VerificationViewController.swift in Sources */,
				A9639BBE23C51D2D0090562D /* SigningInteractor.swift in Sources */,
				A9E8FB0E23C279B40046A40C /* AccountViewController.swift in Sources */,
				A98A1ECA23C270B8005B37D6 /* UIComponents.swift in Sources */,
				A9639BB123C506860090562D /* AccountPresenter.swift in Sources */,
				A9ADBA2023C3E51800738703 /* ScannerViewController.swift in Sources */,
				A9639BBC23C51D0B0090562D /* SigningProtocols.swift in Sources */,
				A9639B9F23C4D2250090562D /* SetupPresenter.swift in Sources */,
				A9639BA223C4D2AE0090562D /* SetupInteractor.swift in Sources */,
				A98A1EA323C1E290005B37D6 /* AppDelegate.swift in Sources */,
				A992B4FB23C86267003FF44A /* ScannerProtocols.swift in Sources */,
				A95F28BC23CBD50F0014FD23 /* SignatureInteractor.swift in Sources */,
				A9639BC023C51D390090562D /* SigningRouter.swift in Sources */,
				A9E8FB1323C293AE0046A40C /* SigningViewController.swift in Sources */,
				A9639BB523C507CE0090562D /* AccountInteractor.swift in Sources */,
				A9639BA523C4D3180090562D /* SetupRouter.swift in Sources */,
				A98A1EA523C1E290005B37D6 /* SceneDelegate.swift in Sources */,
				A97D79BD23C7E22500E622A5 /* SignaturePresenter.swift in Sources */,
				A9BBC68223CE619400A0D17B /* Wallet.swift in Sources */,
				A9639B9B23C4D10F0090562D /* SetupProtocols.swift in Sources */,
				A992B4F723C8623E003FF44A /* ScannerPresenter.swift in Sources */,
				A9ADBA2323C3E85600738703 /* EthereumClient.swift in Sources */,
				A992B4F523C86230003FF44A /* ScannerInteractor.swift in Sources */,
				A9FF186F23C70C0600BF2965 /* VerificationInteractor.swift in Sources */,
				A9639BC223C51D480090562D /* SigningPresenter.swift in Sources */,
				A9639B9823C49F390090562D /* Account.swift in Sources */,
				A9639BAF23C5036D0090562D /* AccountProtocols.swift in Sources */,
				A9B6656623CBDC2400F7429D /* Signature.swift in Sources */,
				A9639BB323C5070A0090562D /* AccountRouter.swift in Sources */,
				A9FF187123C70C8600BF2965 /* VerificationRouter.swift in Sources */,
				A9639BA723C4E0E50090562D /* SetupViewController.swift in Sources */,
				A95F28B823CBD3AA0014FD23 /* SignatureProtocol.swift in Sources */,
				A98A1ED123C27815005B37D6 /* BaseViewController.swift in Sources */,
			);
			runOnlyForDeploymentPostprocessing = 0;
		};
		A98A1EB123C1E296005B37D6 /* Sources */ = {
			isa = PBXSourcesBuildPhase;
			buildActionMask = 2147483647;
			files = (
				A98A1EBA23C1E296005B37D6 /* EthereumSignerTests.swift in Sources */,
			);
			runOnlyForDeploymentPostprocessing = 0;
		};
/* End PBXSourcesBuildPhase section */

/* Begin PBXTargetDependency section */
		A98A1EB723C1E296005B37D6 /* PBXTargetDependency */ = {
			isa = PBXTargetDependency;
			target = A98A1E9E23C1E290005B37D6 /* EthereumSigner */;
			targetProxy = A98A1EB623C1E296005B37D6 /* PBXContainerItemProxy */;
		};
/* End PBXTargetDependency section */

/* Begin PBXVariantGroup section */
		A98A1EAD23C1E296005B37D6 /* LaunchScreen.storyboard */ = {
			isa = PBXVariantGroup;
			children = (
				A98A1EAE23C1E296005B37D6 /* Base */,
			);
			name = LaunchScreen.storyboard;
			sourceTree = "<group>";
		};
/* End PBXVariantGroup section */

/* Begin XCBuildConfiguration section */
		A98A1EBC23C1E296005B37D6 /* Debug */ = {
			isa = XCBuildConfiguration;
			buildSettings = {
				ALWAYS_SEARCH_USER_PATHS = NO;
				CLANG_ANALYZER_NONNULL = YES;
				CLANG_ANALYZER_NUMBER_OBJECT_CONVERSION = YES_AGGRESSIVE;
				CLANG_CXX_LANGUAGE_STANDARD = "gnu++14";
				CLANG_CXX_LIBRARY = "libc++";
				CLANG_ENABLE_MODULES = YES;
				CLANG_ENABLE_OBJC_ARC = YES;
				CLANG_ENABLE_OBJC_WEAK = YES;
				CLANG_WARN_BLOCK_CAPTURE_AUTORELEASING = YES;
				CLANG_WARN_BOOL_CONVERSION = YES;
				CLANG_WARN_COMMA = YES;
				CLANG_WARN_CONSTANT_CONVERSION = YES;
				CLANG_WARN_DEPRECATED_OBJC_IMPLEMENTATIONS = YES;
				CLANG_WARN_DIRECT_OBJC_ISA_USAGE = YES_ERROR;
				CLANG_WARN_DOCUMENTATION_COMMENTS = YES;
				CLANG_WARN_EMPTY_BODY = YES;
				CLANG_WARN_ENUM_CONVERSION = YES;
				CLANG_WARN_INFINITE_RECURSION = YES;
				CLANG_WARN_INT_CONVERSION = YES;
				CLANG_WARN_NON_LITERAL_NULL_CONVERSION = YES;
				CLANG_WARN_OBJC_IMPLICIT_RETAIN_SELF = YES;
				CLANG_WARN_OBJC_LITERAL_CONVERSION = YES;
				CLANG_WARN_OBJC_ROOT_CLASS = YES_ERROR;
				CLANG_WARN_RANGE_LOOP_ANALYSIS = YES;
				CLANG_WARN_STRICT_PROTOTYPES = YES;
				CLANG_WARN_SUSPICIOUS_MOVE = YES;
				CLANG_WARN_UNGUARDED_AVAILABILITY = YES_AGGRESSIVE;
				CLANG_WARN_UNREACHABLE_CODE = YES;
				CLANG_WARN__DUPLICATE_METHOD_MATCH = YES;
				COPY_PHASE_STRIP = NO;
				DEBUG_INFORMATION_FORMAT = dwarf;
				ENABLE_STRICT_OBJC_MSGSEND = YES;
				ENABLE_TESTABILITY = YES;
				GCC_C_LANGUAGE_STANDARD = gnu11;
				GCC_DYNAMIC_NO_PIC = NO;
				GCC_NO_COMMON_BLOCKS = YES;
				GCC_OPTIMIZATION_LEVEL = 0;
				GCC_PREPROCESSOR_DEFINITIONS = (
					"DEBUG=1",
					"$(inherited)",
				);
				GCC_WARN_64_TO_32_BIT_CONVERSION = YES;
				GCC_WARN_ABOUT_RETURN_TYPE = YES_ERROR;
				GCC_WARN_UNDECLARED_SELECTOR = YES;
				GCC_WARN_UNINITIALIZED_AUTOS = YES_AGGRESSIVE;
				GCC_WARN_UNUSED_FUNCTION = YES;
				GCC_WARN_UNUSED_VARIABLE = YES;
				IPHONEOS_DEPLOYMENT_TARGET = 13.1;
				MTL_ENABLE_DEBUG_INFO = INCLUDE_SOURCE;
				MTL_FAST_MATH = YES;
				ONLY_ACTIVE_ARCH = YES;
				SDKROOT = iphoneos;
				SWIFT_ACTIVE_COMPILATION_CONDITIONS = DEBUG;
				SWIFT_OPTIMIZATION_LEVEL = "-Onone";
			};
			name = Debug;
		};
		A98A1EBD23C1E296005B37D6 /* Release */ = {
			isa = XCBuildConfiguration;
			buildSettings = {
				ALWAYS_SEARCH_USER_PATHS = NO;
				CLANG_ANALYZER_NONNULL = YES;
				CLANG_ANALYZER_NUMBER_OBJECT_CONVERSION = YES_AGGRESSIVE;
				CLANG_CXX_LANGUAGE_STANDARD = "gnu++14";
				CLANG_CXX_LIBRARY = "libc++";
				CLANG_ENABLE_MODULES = YES;
				CLANG_ENABLE_OBJC_ARC = YES;
				CLANG_ENABLE_OBJC_WEAK = YES;
				CLANG_WARN_BLOCK_CAPTURE_AUTORELEASING = YES;
				CLANG_WARN_BOOL_CONVERSION = YES;
				CLANG_WARN_COMMA = YES;
				CLANG_WARN_CONSTANT_CONVERSION = YES;
				CLANG_WARN_DEPRECATED_OBJC_IMPLEMENTATIONS = YES;
				CLANG_WARN_DIRECT_OBJC_ISA_USAGE = YES_ERROR;
				CLANG_WARN_DOCUMENTATION_COMMENTS = YES;
				CLANG_WARN_EMPTY_BODY = YES;
				CLANG_WARN_ENUM_CONVERSION = YES;
				CLANG_WARN_INFINITE_RECURSION = YES;
				CLANG_WARN_INT_CONVERSION = YES;
				CLANG_WARN_NON_LITERAL_NULL_CONVERSION = YES;
				CLANG_WARN_OBJC_IMPLICIT_RETAIN_SELF = YES;
				CLANG_WARN_OBJC_LITERAL_CONVERSION = YES;
				CLANG_WARN_OBJC_ROOT_CLASS = YES_ERROR;
				CLANG_WARN_RANGE_LOOP_ANALYSIS = YES;
				CLANG_WARN_STRICT_PROTOTYPES = YES;
				CLANG_WARN_SUSPICIOUS_MOVE = YES;
				CLANG_WARN_UNGUARDED_AVAILABILITY = YES_AGGRESSIVE;
				CLANG_WARN_UNREACHABLE_CODE = YES;
				CLANG_WARN__DUPLICATE_METHOD_MATCH = YES;
				COPY_PHASE_STRIP = NO;
				DEBUG_INFORMATION_FORMAT = "dwarf-with-dsym";
				ENABLE_NS_ASSERTIONS = NO;
				ENABLE_STRICT_OBJC_MSGSEND = YES;
				GCC_C_LANGUAGE_STANDARD = gnu11;
				GCC_NO_COMMON_BLOCKS = YES;
				GCC_WARN_64_TO_32_BIT_CONVERSION = YES;
				GCC_WARN_ABOUT_RETURN_TYPE = YES_ERROR;
				GCC_WARN_UNDECLARED_SELECTOR = YES;
				GCC_WARN_UNINITIALIZED_AUTOS = YES_AGGRESSIVE;
				GCC_WARN_UNUSED_FUNCTION = YES;
				GCC_WARN_UNUSED_VARIABLE = YES;
				IPHONEOS_DEPLOYMENT_TARGET = 13.1;
				MTL_ENABLE_DEBUG_INFO = NO;
				MTL_FAST_MATH = YES;
				SDKROOT = iphoneos;
				SWIFT_COMPILATION_MODE = wholemodule;
				SWIFT_OPTIMIZATION_LEVEL = "-O";
				VALIDATE_PRODUCT = YES;
			};
			name = Release;
		};
		A98A1EBF23C1E296005B37D6 /* Debug */ = {
			isa = XCBuildConfiguration;
			baseConfigurationReference = 5D1289EE7719BEA72DB1C753 /* Pods-EthereumSigner.debug.xcconfig */;
			buildSettings = {
				ASSETCATALOG_COMPILER_APPICON_NAME = AppIcon;
				CODE_SIGN_STYLE = Automatic;
				DEVELOPMENT_TEAM = R95P2NMLBF;
				ENABLE_BITCODE = YES;
				INFOPLIST_FILE = EthereumSigner/Info.plist;
				LD_RUNPATH_SEARCH_PATHS = (
					"$(inherited)",
					"@executable_path/Frameworks",
				);
				PRODUCT_BUNDLE_IDENTIFIER = com.FarhanMirza.EthereumSigner;
				PRODUCT_NAME = "Ethereum Signer";
				SWIFT_VERSION = 5.0;
				TARGETED_DEVICE_FAMILY = 1;
			};
			name = Debug;
		};
		A98A1EC023C1E296005B37D6 /* Release */ = {
			isa = XCBuildConfiguration;
			baseConfigurationReference = B2D15E8D59F76047A82AEA8F /* Pods-EthereumSigner.release.xcconfig */;
			buildSettings = {
				ASSETCATALOG_COMPILER_APPICON_NAME = AppIcon;
				CODE_SIGN_STYLE = Automatic;
				DEVELOPMENT_TEAM = R95P2NMLBF;
				ENABLE_BITCODE = YES;
				INFOPLIST_FILE = EthereumSigner/Info.plist;
				LD_RUNPATH_SEARCH_PATHS = (
					"$(inherited)",
					"@executable_path/Frameworks",
				);
				PRODUCT_BUNDLE_IDENTIFIER = com.FarhanMirza.EthereumSigner;
				PRODUCT_NAME = "Ethereum Signer";
				SWIFT_VERSION = 5.0;
				TARGETED_DEVICE_FAMILY = 1;
			};
			name = Release;
		};
		A98A1EC223C1E296005B37D6 /* Debug */ = {
			isa = XCBuildConfiguration;
			baseConfigurationReference = F39C3C8E9775350293977575 /* Pods-EthereumSignerTests.debug.xcconfig */;
			buildSettings = {
				ALWAYS_EMBED_SWIFT_STANDARD_LIBRARIES = YES;
				BUNDLE_LOADER = "$(TEST_HOST)";
				CODE_SIGN_STYLE = Automatic;
				DEVELOPMENT_TEAM = R95P2NMLBF;
				INFOPLIST_FILE = EthereumSignerTests/Info.plist;
				IPHONEOS_DEPLOYMENT_TARGET = 13.1;
				LD_RUNPATH_SEARCH_PATHS = (
					"$(inherited)",
					"@executable_path/Frameworks",
					"@loader_path/Frameworks",
				);
				PRODUCT_BUNDLE_IDENTIFIER = com.FarhanMirza.EthereumSignerTests;
				PRODUCT_NAME = "$(TARGET_NAME)";
				SWIFT_VERSION = 5.0;
				TARGETED_DEVICE_FAMILY = "1,2";
				TEST_HOST = "$(BUILT_PRODUCTS_DIR)/EthereumSigner.app/EthereumSigner";
			};
			name = Debug;
		};
		A98A1EC323C1E296005B37D6 /* Release */ = {
			isa = XCBuildConfiguration;
			baseConfigurationReference = B05A4237C007042906FA3D59 /* Pods-EthereumSignerTests.release.xcconfig */;
			buildSettings = {
				ALWAYS_EMBED_SWIFT_STANDARD_LIBRARIES = YES;
				BUNDLE_LOADER = "$(TEST_HOST)";
				CODE_SIGN_STYLE = Automatic;
				DEVELOPMENT_TEAM = R95P2NMLBF;
				INFOPLIST_FILE = EthereumSignerTests/Info.plist;
				IPHONEOS_DEPLOYMENT_TARGET = 13.1;
				LD_RUNPATH_SEARCH_PATHS = (
					"$(inherited)",
					"@executable_path/Frameworks",
					"@loader_path/Frameworks",
				);
				PRODUCT_BUNDLE_IDENTIFIER = com.FarhanMirza.EthereumSignerTests;
				PRODUCT_NAME = "$(TARGET_NAME)";
				SWIFT_VERSION = 5.0;
				TARGETED_DEVICE_FAMILY = "1,2";
				TEST_HOST = "$(BUILT_PRODUCTS_DIR)/EthereumSigner.app/EthereumSigner";
			};
			name = Release;
		};
/* End XCBuildConfiguration section */

/* Begin XCConfigurationList section */
		A98A1E9A23C1E290005B37D6 /* Build configuration list for PBXProject "EthereumSigner" */ = {
			isa = XCConfigurationList;
			buildConfigurations = (
				A98A1EBC23C1E296005B37D6 /* Debug */,
				A98A1EBD23C1E296005B37D6 /* Release */,
			);
			defaultConfigurationIsVisible = 0;
			defaultConfigurationName = Release;
		};
		A98A1EBE23C1E296005B37D6 /* Build configuration list for PBXNativeTarget "EthereumSigner" */ = {
			isa = XCConfigurationList;
			buildConfigurations = (
				A98A1EBF23C1E296005B37D6 /* Debug */,
				A98A1EC023C1E296005B37D6 /* Release */,
			);
			defaultConfigurationIsVisible = 0;
			defaultConfigurationName = Release;
		};
		A98A1EC123C1E296005B37D6 /* Build configuration list for PBXNativeTarget "EthereumSignerTests" */ = {
			isa = XCConfigurationList;
			buildConfigurations = (
				A98A1EC223C1E296005B37D6 /* Debug */,
				A98A1EC323C1E296005B37D6 /* Release */,
			);
			defaultConfigurationIsVisible = 0;
			defaultConfigurationName = Release;
		};
/* End XCConfigurationList section */
	};
	rootObject = A98A1E9723C1E290005B37D6 /* Project object */;
}
